
Microsoft Visual Studio Solution File, Format Version 12.00
# Visual Studio Version 16
VisualStudioVersion = 16.0.30225.117
MinimumVisualStudioVersion = 10.0.40219.1
Project("{FAE04EC0-301F-11D3-BF4B-00C04F79EFBC}") = "Lab 4.Bonus Igpay Atinlay", "Lab 4.Bonus Igpay Atinlay.csproj", "{52F4223C-FA54-4706-A085-C631E8BF6041}"
EndProject
Global
	GlobalSection(SolutionConfigurationPlatforms) = preSolution
		Debug|Any CPU = Debug|Any CPU
		Release|Any CPU = Release|Any CPU
	EndGlobalSection
	GlobalSection(ProjectConfigurationPlatforms) = postSolution
		{52F4223C-FA54-4706-A085-C631E8BF6041}.Debug|Any CPU.ActiveCfg = Debug|Any CPU
		{52F4223C-FA54-4706-A085-C631E8BF6041}.Debug|Any CPU.Build.0 = Debug|Any CPU
		{52F4223C-FA54-4706-A085-C631E8BF6041}.Release|Any CPU.ActiveCfg = Release|Any CPU
		{52F4223C-FA54-4706-A085-C631E8BF6041}.Release|Any CPU.Build.0 = Release|Any CPU
	EndGlobalSection
	GlobalSection(SolutionProperties) = preSolution
		HideSolutionNode = FALSE
	EndGlobalSection
	GlobalSection(ExtensibilityGlobals) = postSolution
		SolutionGuid = {433A6A01-1155-4260-93CC-14DAC0576694}
	EndGlobalSection
EndGlobal
